
Microsoft Visual Studio Solution File, Format Version 12.00
# Visual Studio 15
VisualStudioVersion = 15.0.28307.1684
MinimumVisualStudioVersion = 10.0.40219.1
Project("{8BC9CEB8-8B4A-11D0-8D11-00A0C91BC942}") = "CH2_Lab1-2", "CH2_Lab1-2\CH2_Lab1-2.vcxproj", "{8356F3AD-73D2-4B14-A84B-7E9DED8F97F6}"
EndProject
Global
	GlobalSection(SolutionConfigurationPlatforms) = preSolution
		Debug|x64 = Debug|x64
		Debug|x86 = Debug|x86
		Release|x64 = Release|x64
		Release|x86 = Release|x86
	EndGlobalSection
	GlobalSection(ProjectConfigurationPlatforms) = postSolution
		{8356F3AD-73D2-4B14-A84B-7E9DED8F97F6}.Debug|x64.ActiveCfg = Debug|x64
		{8356F3AD-73D2-4B14-A84B-7E9DED8F97F6}.Debug|x64.Build.0 = Debug|x64
		{8356F3AD-73D2-4B14-A84B-7E9DED8F97F6}.Debug|x86.ActiveCfg = Debug|Win32
		{8356F3AD-73D2-4B14-A84B-7E9DED8F97F6}.Debug|x86.Build.0 = Debug|Win32
		{8356F3AD-73D2-4B14-A84B-7E9DED8F97F6}.Release|x64.ActiveCfg = Release|x64
		{8356F3AD-73D2-4B14-A84B-7E9DED8F97F6}.Release|x64.Build.0 = Release|x64
		{8356F3AD-73D2-4B14-A84B-7E9DED8F97F6}.Release|x86.ActiveCfg = Release|Win32
		{8356F3AD-73D2-4B14-A84B-7E9DED8F97F6}.Release|x86.Build.0 = Release|Win32
	EndGlobalSection
	GlobalSection(SolutionProperties) = preSolution
		HideSolutionNode = FALSE
	EndGlobalSection
	GlobalSection(ExtensibilityGlobals) = postSolution
		SolutionGuid = {14C75C8A-57F5-4FDD-80EC-40777A32068A}
	EndGlobalSection
EndGlobal
